
Microsoft Visual Studio Solution File, Format Version 12.00
# Visual Studio Version 17
VisualStudioVersion = 17.3.32819.101
MinimumVisualStudioVersion = 10.0.40219.1
Project("{888888A0-9F3D-457C-B088-3A5042F75D52}") = "python BMI", "python BMI\python BMI.pyproj", "{7EA1E6DD-67BA-49BC-AEFA-B6B50862030E}"
EndProject
Global
	GlobalSection(SolutionConfigurationPlatforms) = preSolution
		Debug|Any CPU = Debug|Any CPU
		Release|Any CPU = Release|Any CPU
	EndGlobalSection
	GlobalSection(ProjectConfigurationPlatforms) = postSolution
		{7EA1E6DD-67BA-49BC-AEFA-B6B50862030E}.Debug|Any CPU.ActiveCfg = Debug|Any CPU
		{7EA1E6DD-67BA-49BC-AEFA-B6B50862030E}.Release|Any CPU.ActiveCfg = Release|Any CPU
	EndGlobalSection
	GlobalSection(SolutionProperties) = preSolution
		HideSolutionNode = FALSE
	EndGlobalSection
	GlobalSection(ExtensibilityGlobals) = postSolution
		SolutionGuid = {7A0C11B1-C522-4C8B-A913-BE7D01E181F0}
	EndGlobalSection
EndGlobal
